{
  "nodes": {
    "allod-secrets": {
      "flake": false,
      "locked": {
        "lastModified": 1790738090,
        "narHash": "sha256-JC8Av4412zsm4eqEo1mSJX3/KkCuMjMwyGjFaVOicOY=",
        "ref": "refs/heads/master",
        "rev": "f649e120c9c660ac725152b5613412a8d5b3eb4f",
        "revCount": 75,
        "type": "git",
        "url": "https://forge.anarch.diy/allod/secrets.git"
      },
      "original": {
        "type": "git",
        "url": "https://forge.anarch.diy/allod/secrets.git"
      }
    },
    "nixpkgs": {
      "locked": {
        "lastModified": 1790046670,
        "narHash": "sha256-MYiI+CzL0tuWgRPjGsKCDHqYs2T3OzMlMQWOYWG0qso=",
        "owner": "NixOS",
        "repo": "nixpkgs",
        "rev": "6774f7bc253789b113a4f39285dc0fa100abeacc",
        "type": "github"
      },
      "original": {
        "owner": "NixOS",
        "ref": "nixos-unstable",
        "repo": "nixpkgs",
        "type": "github"
      }
    },
    "root": {
      "inputs": {
        "allod-secrets": "allod-secrets",
        "nixpkgs": "nixpkgs"
      }
    }
  },
  "root": "root",
  "version": 7
}
