{
  "nodes": {
    "allod-secrets": {
      "flake": false,
      "locked": {
        "lastModified": 1790635643,
        "narHash": "sha256-F9eNE57GjrmXer4DETECnoPpIFIEZFy/Z+uWxdukfv8=",
        "ref": "refs/heads/master",
        "rev": "b97c7d119df14e5e3e668dd186b64b5c33fbd649",
        "revCount": 67,
        "type": "git",
        "url": "https://forge.anarch.diy/allod/secrets.git"
      },
      "original": {
        "type": "git",
        "url": "https://forge.anarch.diy/allod/secrets.git"
      }
    },
    "nixpkgs": {
      "locked": {
        "lastModified": 1790046670,
        "narHash": "sha256-MYiI+CzL0tuWgRPjGsKCDHqYs2T3OzMlMQWOYWG0qso=",
        "owner": "NixOS",
        "repo": "nixpkgs",
        "rev": "6774f7bc253789b113a4f39285dc0fa100abeacc",
        "type": "github"
      },
      "original": {
        "owner": "NixOS",
        "ref": "nixos-unstable",
        "repo": "nixpkgs",
        "type": "github"
      }
    },
    "root": {
      "inputs": {
        "allod-secrets": "allod-secrets",
        "nixpkgs": "nixpkgs"
      }
    }
  },
  "root": "root",
  "version": 7
}
