{
  "nodes": {
    "allod-secrets": {
      "flake": false,
      "locked": {
        "lastModified": 1790703742,
        "narHash": "sha256-G4ZZ3oZ9Cg5mcChsiy0J2bIOG0tfjr27JRw90q5Q698=",
        "ref": "refs/heads/master",
        "rev": "e0ed37f39cce7a83b65dc49050ea586c99ad2709",
        "revCount": 68,
        "type": "git",
        "url": "https://forge.anarch.diy/allod/secrets.git"
      },
      "original": {
        "type": "git",
        "url": "https://forge.anarch.diy/allod/secrets.git"
      }
    },
    "nixpkgs": {
      "locked": {
        "lastModified": 1790046670,
        "narHash": "sha256-MYiI+CzL0tuWgRPjGsKCDHqYs2T3OzMlMQWOYWG0qso=",
        "owner": "NixOS",
        "repo": "nixpkgs",
        "rev": "6774f7bc253789b113a4f39285dc0fa100abeacc",
        "type": "github"
      },
      "original": {
        "owner": "NixOS",
        "ref": "nixos-unstable",
        "repo": "nixpkgs",
        "type": "github"
      }
    },
    "root": {
      "inputs": {
        "allod-secrets": "allod-secrets",
        "nixpkgs": "nixpkgs"
      }
    }
  },
  "root": "root",
  "version": 7
}
